
Microsoft Visual Studio Solution File, Format Version 12.00
# Visual Studio Version 17
VisualStudioVersion = 17.11.35312.102
MinimumVisualStudioVersion = 10.0.40219.1
Project("{FAE04EC0-301F-11D3-BF4B-00C04F79EFBC}") = "myfirstplugin", "myfirstplugin\myfirstplugin.csproj", "{D51C63E2-907F-4E42-99F1-C9AC18124CE0}"
EndProject
Global
	GlobalSection(SolutionConfigurationPlatforms) = preSolution
		Debug|Any CPU = Debug|Any CPU
		Release|Any CPU = Release|Any CPU
	EndGlobalSection
	GlobalSection(ProjectConfigurationPlatforms) = postSolution
		{D51C63E2-907F-4E42-99F1-C9AC18124CE0}.Debug|Any CPU.ActiveCfg = Debug|Any CPU
		{D51C63E2-907F-4E42-99F1-C9AC18124CE0}.Debug|Any CPU.Build.0 = Debug|Any CPU
		{D51C63E2-907F-4E42-99F1-C9AC18124CE0}.Release|Any CPU.ActiveCfg = Release|Any CPU
		{D51C63E2-907F-4E42-99F1-C9AC18124CE0}.Release|Any CPU.Build.0 = Release|Any CPU
	EndGlobalSection
	GlobalSection(SolutionProperties) = preSolution
		HideSolutionNode = FALSE
	EndGlobalSection
	GlobalSection(ExtensibilityGlobals) = postSolution
		SolutionGuid = {02A1B6A4-6892-47A3-9520-E8478CEFF04C}
	EndGlobalSection
EndGlobal
